
Microsoft Visual Studio Solution File, Format Version 12.00
# Visual Studio 2012
Project("{FAE04EC0-301F-11D3-BF4B-00C04F79EFBC}") = "earth.net", "earth.net\earth.net.csproj", "{60ED218D-0F28-405C-AEDB-2185721342F1}"
EndProject
Global
	GlobalSection(SolutionConfigurationPlatforms) = preSolution
		Debug|Any CPU = Debug|Any CPU
		Release|Any CPU = Release|Any CPU
	EndGlobalSection
	GlobalSection(ProjectConfigurationPlatforms) = postSolution
		{60ED218D-0F28-405C-AEDB-2185721342F1}.Debug|Any CPU.ActiveCfg = Debug|Any CPU
		{60ED218D-0F28-405C-AEDB-2185721342F1}.Debug|Any CPU.Build.0 = Debug|Any CPU
		{60ED218D-0F28-405C-AEDB-2185721342F1}.Release|Any CPU.ActiveCfg = Release|Any CPU
		{60ED218D-0F28-405C-AEDB-2185721342F1}.Release|Any CPU.Build.0 = Release|Any CPU
	EndGlobalSection
	GlobalSection(SolutionProperties) = preSolution
		HideSolutionNode = FALSE
	EndGlobalSection
EndGlobal
